
Microsoft Visual Studio Solution File, Format Version 12.00
# Visual Studio Version 17
VisualStudioVersion = 17.14.36915.13
MinimumVisualStudioVersion = 10.0.40219.1
Project("{FAE04EC0-301F-11D3-BF4B-00C04F79EFBC}") = "GLMS.Web", "GLMS.Web\GLMS.Web.csproj", "{17EA2F2E-60AC-4FB2-8B9F-035F1CE4B524}"
EndProject
Project("{FAE04EC0-301F-11D3-BF4B-00C04F79EFBC}") = "GLMS.Tests", "GLMS.Tests\GLMS.Tests.csproj", "{A99822CC-AB18-4EAA-9C93-12AE1B3AD770}"
EndProject
Project("{FAE04EC0-301F-11D3-BF4B-00C04F79EFBC}") = "GLMS.API", "GLMS.API\GLMS.API.csproj", "{18DF7B87-75F5-410E-BCF8-2BF16C1E3AF1}"
EndProject
Project("{2150E333-8FDC-42A3-9474-1A3956D46DE8}") = "Solution Items", "Solution Items", "{8EC462FD-D22E-90A8-E5CE-7E832BA40C5D}"
	ProjectSection(SolutionItems) = preProject
		docker-compose.yml = docker-compose.yml
	EndProjectSection
EndProject
Global
	GlobalSection(SolutionConfigurationPlatforms) = preSolution
		Debug|Any CPU = Debug|Any CPU
		Release|Any CPU = Release|Any CPU
	EndGlobalSection
	GlobalSection(ProjectConfigurationPlatforms) = postSolution
		{17EA2F2E-60AC-4FB2-8B9F-035F1CE4B524}.Debug|Any CPU.ActiveCfg = Debug|Any CPU
		{17EA2F2E-60AC-4FB2-8B9F-035F1CE4B524}.Debug|Any CPU.Build.0 = Debug|Any CPU
		{17EA2F2E-60AC-4FB2-8B9F-035F1CE4B524}.Release|Any CPU.ActiveCfg = Release|Any CPU
		{17EA2F2E-60AC-4FB2-8B9F-035F1CE4B524}.Release|Any CPU.Build.0 = Release|Any CPU
		{A99822CC-AB18-4EAA-9C93-12AE1B3AD770}.Debug|Any CPU.ActiveCfg = Debug|Any CPU
		{A99822CC-AB18-4EAA-9C93-12AE1B3AD770}.Debug|Any CPU.Build.0 = Debug|Any CPU
		{A99822CC-AB18-4EAA-9C93-12AE1B3AD770}.Release|Any CPU.ActiveCfg = Release|Any CPU
		{A99822CC-AB18-4EAA-9C93-12AE1B3AD770}.Release|Any CPU.Build.0 = Release|Any CPU
		{18DF7B87-75F5-410E-BCF8-2BF16C1E3AF1}.Debug|Any CPU.ActiveCfg = Debug|Any CPU
		{18DF7B87-75F5-410E-BCF8-2BF16C1E3AF1}.Debug|Any CPU.Build.0 = Debug|Any CPU
		{18DF7B87-75F5-410E-BCF8-2BF16C1E3AF1}.Release|Any CPU.ActiveCfg = Release|Any CPU
		{18DF7B87-75F5-410E-BCF8-2BF16C1E3AF1}.Release|Any CPU.Build.0 = Release|Any CPU
	EndGlobalSection
	GlobalSection(SolutionProperties) = preSolution
		HideSolutionNode = FALSE
	EndGlobalSection
	GlobalSection(ExtensibilityGlobals) = postSolution
		SolutionGuid = {E6B2E898-BAC9-45F0-B29E-1AF790D32433}
	EndGlobalSection
EndGlobal
